
Microsoft Visual Studio Solution File, Format Version 12.00
# Visual Studio Version 17
VisualStudioVersion = 17.10.35004.147
MinimumVisualStudioVersion = 10.0.40219.1
Project("{8BC9CEB8-8B4A-11D0-8D11-00A0C91BC942}") = "Riley", "Riley\Riley.vcxproj", "{24013116-0FA9-42D7-8EC1-04464BAD75A1}"
EndProject
Global
	GlobalSection(SolutionConfigurationPlatforms) = preSolution
		Debug|x64 = Debug|x64
		Debug|x86 = Debug|x86
		Release|x64 = Release|x64
		Release|x86 = Release|x86
	EndGlobalSection
	GlobalSection(ProjectConfigurationPlatforms) = postSolution
		{24013116-0FA9-42D7-8EC1-04464BAD75A1}.Debug|x64.ActiveCfg = Debug|x64
		{24013116-0FA9-42D7-8EC1-04464BAD75A1}.Debug|x64.Build.0 = Debug|x64
		{24013116-0FA9-42D7-8EC1-04464BAD75A1}.Debug|x86.ActiveCfg = Debug|Win32
		{24013116-0FA9-42D7-8EC1-04464BAD75A1}.Debug|x86.Build.0 = Debug|Win32
		{24013116-0FA9-42D7-8EC1-04464BAD75A1}.Release|x64.ActiveCfg = Release|x64
		{24013116-0FA9-42D7-8EC1-04464BAD75A1}.Release|x64.Build.0 = Release|x64
		{24013116-0FA9-42D7-8EC1-04464BAD75A1}.Release|x86.ActiveCfg = Release|Win32
		{24013116-0FA9-42D7-8EC1-04464BAD75A1}.Release|x86.Build.0 = Release|Win32
	EndGlobalSection
	GlobalSection(SolutionProperties) = preSolution
		HideSolutionNode = FALSE
	EndGlobalSection
	GlobalSection(ExtensibilityGlobals) = postSolution
		SolutionGuid = {8F02A980-DFF4-44D6-BA75-1150D46017EC}
	EndGlobalSection
EndGlobal
