<?xml version="1.0" encoding="utf-8"?>
<Project ToolsVersion="4.0" xmlns="http://schemas.microsoft.com/developer/msbuild/2003">
  <ItemGroup>
    <Filter Include="Core">
      <UniqueIdentifier>{4FC737F1-C7A5-4376-A066-2A32D752A2FF}</UniqueIdentifier>
      <Extensions>cpp;c;cc;cxx;c++;cppm;ixx;def;odl;idl;hpj;bat;asm;asmx</Extensions>
    </Filter>
    <Filter Include="Utilities">
      <UniqueIdentifier>{93995380-89BD-4b04-88EB-625FBE52EBFB}</UniqueIdentifier>
      <Extensions>h;hh;hpp;hxx;h++;hm;inl;inc;ipp;xsd</Extensions>
    </Filter>
    <Filter Include="Math">
      <UniqueIdentifier>{1e4c454e-800f-4ced-b583-3cfc2f321bf4}</UniqueIdentifier>
    </Filter>
    <Filter Include="Editor">
      <UniqueIdentifier>{910bdf94-68f4-40fe-9814-9e50afeab796}</UniqueIdentifier>
    </Filter>
    <Filter Include="Rendering">
      <UniqueIdentifier>{9ce986fe-196c-4c6a-8515-37379ee21b61}</UniqueIdentifier>
    </Filter>
    <Filter Include="Graphics">
      <UniqueIdentifier>{9f644a7e-883d-483e-ad19-606085b21e0d}</UniqueIdentifier>
    </Filter>
    <Filter Include="Resources">
      <UniqueIdentifier>{4ff86832-3ef6-4335-a934-df45ebfd884b}</UniqueIdentifier>
    </Filter>
    <Filter Include="Resources\Shaders">
      <UniqueIdentifier>{f6864b0b-a003-4bd4-ac56-8aa47f6f0222}</UniqueIdentifier>
    </Filter>
  </ItemGroup>
  <ItemGroup>
    <ClCompile Include="Core\Window.cpp">
      <Filter>Core</Filter>
    </ClCompile>
    <ClCompile Include="Core\Input.cpp">
      <Filter>Core</Filter>
    </ClCompile>
    <ClCompile Include="Core\Engine.cpp">
      <Filter>Core</Filter>
    </ClCompile>
    <ClCompile Include="Rendering\Camera.cpp">
      <Filter>Rendering</Filter>
    </ClCompile>
    <ClCompile Include="Rendering\Components.cpp">
      <Filter>Rendering</Filter>
    </ClCompile>
    <ClCompile Include="Graphics\DXRenderTarget.cpp">
      <Filter>Graphics</Filter>
    </ClCompile>
    <ClCompile Include="Graphics\DXDepthStencilBuffer.cpp">
      <Filter>Graphics</Filter>
    </ClCompile>
    <ClCompile Include="Graphics\DXStates.cpp">
      <Filter>Graphics</Filter>
    </ClCompile>
    <ClCompile Include="Graphics\DXInputLayout.cpp">
      <Filter>Graphics</Filter>
    </ClCompile>
    <ClCompile Include="Rendering\Renderer.cpp">
      <Filter>Rendering</Filter>
    </ClCompile>
    <ClCompile Include="main.cpp" />
    <ClCompile Include="Rendering\ModelImporter.cpp">
      <Filter>Rendering</Filter>
    </ClCompile>
    <ClCompile Include="Graphics\DXShaderProgram.cpp">
      <Filter>Graphics</Filter>
    </ClCompile>
    <ClCompile Include="Graphics\DXShaderCompiler.cpp">
      <Filter>Graphics</Filter>
    </ClCompile>
    <ClCompile Include="Core\Paths.cpp">
      <Filter>Core</Filter>
    </ClCompile>
    <ClCompile Include="Utilities\StringUtil.cpp">
      <Filter>Utilities</Filter>
    </ClCompile>
    <ClCompile Include="Rendering\ShaderManager.cpp">
      <Filter>Rendering</Filter>
    </ClCompile>
    <ClCompile Include="..\ThirdParty\ImGui\ImGui\imgui_tables.cpp">
      <Filter>Core</Filter>
    </ClCompile>
    <ClCompile Include="..\ThirdParty\ImGui\ImGui\imgui_widgets.cpp">
      <Filter>Core</Filter>
    </ClCompile>
    <ClCompile Include="..\ThirdParty\ImGui\ImGui\imgui.cpp">
      <Filter>Core</Filter>
    </ClCompile>
    <ClCompile Include="..\ThirdParty\ImGui\ImGui\imgui_demo.cpp">
      <Filter>Core</Filter>
    </ClCompile>
    <ClCompile Include="..\ThirdParty\ImGui\ImGui\imgui_draw.cpp">
      <Filter>Core</Filter>
    </ClCompile>
    <ClCompile Include="..\ThirdParty\ImGui\ImGui\imgui_impl_dx11.cpp">
      <Filter>Core</Filter>
    </ClCompile>
    <ClCompile Include="..\ThirdParty\ImGui\ImGui\imgui_impl_win32.cpp">
      <Filter>Core</Filter>
    </ClCompile>
    <ClCompile Include="Core\Layer.cpp">
      <Filter>Core</Filter>
    </ClCompile>
    <ClCompile Include="Core\LayerStack.cpp">
      <Filter>Core</Filter>
    </ClCompile>
    <ClCompile Include="Editor\ImGuiLayer.cpp">
      <Filter>Core</Filter>
    </ClCompile>
    <ClCompile Include="..\ThirdParty\SimpleMath\SimpleMath.cpp">
      <Filter>Core</Filter>
    </ClCompile>
    <ClCompile Include="Editor\Editor.cpp">
      <Filter>Core</Filter>
    </ClCompile>
    <ClCompile Include="Graphics\DXRenderPass.cpp">
      <Filter>Core</Filter>
    </ClCompile>
    <ClCompile Include="Graphics\DXResource.cpp">
      <Filter>Core</Filter>
    </ClCompile>
    <ClCompile Include="Core\Log.cpp">
      <Filter>Core</Filter>
    </ClCompile>
  </ItemGroup>
  <ItemGroup>
    <ClInclude Include="Core\CoreTypes.h">
      <Filter>Core</Filter>
    </ClInclude>
    <ClInclude Include="Core\Rendering.h">
      <Filter>Core</Filter>
    </ClInclude>
    <ClInclude Include="Utilities\Event.h">
      <Filter>Utilities</Filter>
    </ClInclude>
    <ClInclude Include="Utilities\LinkedList.h">
      <Filter>Utilities</Filter>
    </ClInclude>
    <ClInclude Include="Utilities\Timer.h">
      <Filter>Utilities</Filter>
    </ClInclude>
    <ClInclude Include="Math\MathTypes.h">
      <Filter>Math</Filter>
    </ClInclude>
    <ClInclude Include="Core\Windows.h">
      <Filter>Core</Filter>
    </ClInclude>
    <ClInclude Include="Core\Window.h">
      <Filter>Core</Filter>
    </ClInclude>
    <ClInclude Include="Utilities\Delegate.h">
      <Filter>Utilities</Filter>
    </ClInclude>
    <ClInclude Include="Utilities\Singleton.h">
      <Filter>Utilities</Filter>
    </ClInclude>
    <ClInclude Include="Core\Input.h">
      <Filter>Core</Filter>
    </ClInclude>
    <ClInclude Include="Utilities\ConcurrentQueue.h">
      <Filter>Utilities</Filter>
    </ClInclude>
    <ClInclude Include="Core\Engine.h">
      <Filter>Core</Filter>
    </ClInclude>
    <ClInclude Include="Rendering\Camera.h">
      <Filter>Rendering</Filter>
    </ClInclude>
    <ClInclude Include="Rendering\Components.h">
      <Filter>Rendering</Filter>
    </ClInclude>
    <ClInclude Include="Rendering\ConstantBuffers.h">
      <Filter>Rendering</Filter>
    </ClInclude>
    <ClInclude Include="Graphics\DXShader.h">
      <Filter>Graphics</Filter>
    </ClInclude>
    <ClInclude Include="Graphics\DXResource.h">
      <Filter>Graphics</Filter>
    </ClInclude>
    <ClInclude Include="Rendering\Renderer.h">
      <Filter>Rendering</Filter>
    </ClInclude>
    <ClInclude Include="Graphics\DXBuffer.h">
      <Filter>Graphics</Filter>
    </ClInclude>
    <ClInclude Include="Graphics\DXFormat.h">
      <Filter>Graphics</Filter>
    </ClInclude>
    <ClInclude Include="Utilities\EnumUtil.h">
      <Filter>Utilities</Filter>
    </ClInclude>
    <ClInclude Include="Graphics\DXResourceCommon.h">
      <Filter>Graphics</Filter>
    </ClInclude>
    <ClInclude Include="Graphics\DXConstantBuffer.h">
      <Filter>Graphics</Filter>
    </ClInclude>
    <ClInclude Include="Graphics\DXRenderTarget.h">
      <Filter>Graphics</Filter>
    </ClInclude>
    <ClInclude Include="Graphics\DXDepthStencilBuffer.h">
      <Filter>Graphics</Filter>
    </ClInclude>
    <ClInclude Include="Graphics\DXStates.h">
      <Filter>Graphics</Filter>
    </ClInclude>
    <ClInclude Include="Graphics\DXInputLayout.h">
      <Filter>Graphics</Filter>
    </ClInclude>
    <ClInclude Include="Rendering\SceneViewport.h">
      <Filter>Rendering</Filter>
    </ClInclude>
    <ClInclude Include="Rendering\ModelImporter.h">
      <Filter>Rendering</Filter>
    </ClInclude>
    <ClInclude Include="Math\ComputeVectors.h">
      <Filter>Math</Filter>
    </ClInclude>
    <ClInclude Include="Graphics\DXShaderProgram.h">
      <Filter>Graphics</Filter>
    </ClInclude>
    <ClInclude Include="Graphics\DXShaderCompiler.h">
      <Filter>Graphics</Filter>
    </ClInclude>
    <ClInclude Include="Utilities\FileUtil.h">
      <Filter>Utilities</Filter>
    </ClInclude>
    <ClInclude Include="Core\Paths.h">
      <Filter>Core</Filter>
    </ClInclude>
    <ClInclude Include="Utilities\HashUtil.h">
      <Filter>Utilities</Filter>
    </ClInclude>
    <ClInclude Include="Utilities\StringUtil.h">
      <Filter>Utilities</Filter>
    </ClInclude>
    <ClInclude Include="Rendering\ShaderManager.h">
      <Filter>Rendering</Filter>
    </ClInclude>
    <ClInclude Include="Graphics\DXRenderPass.h">
      <Filter>Utilities</Filter>
    </ClInclude>
    <ClInclude Include="..\ThirdParty\ImGui\ImGui\imgui_internal.h">
      <Filter>Utilities</Filter>
    </ClInclude>
    <ClInclude Include="..\ThirdParty\ImGui\ImGui\imstb_rectpack.h">
      <Filter>Utilities</Filter>
    </ClInclude>
    <ClInclude Include="..\ThirdParty\ImGui\ImGui\imstb_textedit.h">
      <Filter>Utilities</Filter>
    </ClInclude>
    <ClInclude Include="..\ThirdParty\ImGui\ImGui\imstb_truetype.h">
      <Filter>Utilities</Filter>
    </ClInclude>
    <ClInclude Include="..\ThirdParty\ImGui\ImGui\imconfig.h">
      <Filter>Utilities</Filter>
    </ClInclude>
    <ClInclude Include="..\ThirdParty\ImGui\ImGui\imgui.h">
      <Filter>Utilities</Filter>
    </ClInclude>
    <ClInclude Include="..\ThirdParty\ImGui\ImGui\imgui_impl_dx11.h">
      <Filter>Utilities</Filter>
    </ClInclude>
    <ClInclude Include="..\ThirdParty\ImGui\ImGui\imgui_impl_win32.h">
      <Filter>Utilities</Filter>
    </ClInclude>
    <ClInclude Include="Core\Layer.h">
      <Filter>Utilities</Filter>
    </ClInclude>
    <ClInclude Include="Core\LayerStack.h">
      <Filter>Utilities</Filter>
    </ClInclude>
    <ClInclude Include="Editor\ImGuiLayer.h">
      <Filter>Utilities</Filter>
    </ClInclude>
    <ClInclude Include="Editor\Editor.h">
      <Filter>Utilities</Filter>
    </ClInclude>
    <ClInclude Include="..\ThirdParty\entt\include\entt.hpp">
      <Filter>Utilities</Filter>
    </ClInclude>
    <ClInclude Include="..\ThirdParty\SimpleMath\SimpleMath.h">
      <Filter>Utilities</Filter>
    </ClInclude>
    <ClInclude Include="..\ThirdParty\spdlog\async.h">
      <Filter>Utilities</Filter>
    </ClInclude>
    <ClInclude Include="..\ThirdParty\spdlog\async_logger-inl.h">
      <Filter>Utilities</Filter>
    </ClInclude>
    <ClInclude Include="..\ThirdParty\spdlog\async_logger.h">
      <Filter>Utilities</Filter>
    </ClInclude>
    <ClInclude Include="..\ThirdParty\spdlog\cfg\argv.h">
      <Filter>Utilities</Filter>
    </ClInclude>
    <ClInclude Include="..\ThirdParty\spdlog\cfg\env.h">
      <Filter>Utilities</Filter>
    </ClInclude>
    <ClInclude Include="..\ThirdParty\spdlog\cfg\helpers-inl.h">
      <Filter>Utilities</Filter>
    </ClInclude>
    <ClInclude Include="..\ThirdParty\spdlog\cfg\helpers.h">
      <Filter>Utilities</Filter>
    </ClInclude>
    <ClInclude Include="..\ThirdParty\spdlog\common-inl.h">
      <Filter>Utilities</Filter>
    </ClInclude>
    <ClInclude Include="..\ThirdParty\spdlog\common.h">
      <Filter>Utilities</Filter>
    </ClInclude>
    <ClInclude Include="..\ThirdParty\spdlog\details\backtracer-inl.h">
      <Filter>Utilities</Filter>
    </ClInclude>
    <ClInclude Include="..\ThirdParty\spdlog\details\backtracer.h">
      <Filter>Utilities</Filter>
    </ClInclude>
    <ClInclude Include="..\ThirdParty\spdlog\details\circular_q.h">
      <Filter>Utilities</Filter>
    </ClInclude>
    <ClInclude Include="..\ThirdParty\spdlog\details\console_globals.h">
      <Filter>Utilities</Filter>
    </ClInclude>
    <ClInclude Include="..\ThirdParty\spdlog\details\file_helper-inl.h">
      <Filter>Utilities</Filter>
    </ClInclude>
    <ClInclude Include="..\ThirdParty\spdlog\details\file_helper.h">
      <Filter>Utilities</Filter>
    </ClInclude>
    <ClInclude Include="..\ThirdParty\spdlog\details\fmt_helper.h">
      <Filter>Utilities</Filter>
    </ClInclude>
    <ClInclude Include="..\ThirdParty\spdlog\details\log_msg-inl.h">
      <Filter>Utilities</Filter>
    </ClInclude>
    <ClInclude Include="..\ThirdParty\spdlog\details\log_msg.h">
      <Filter>Utilities</Filter>
    </ClInclude>
    <ClInclude Include="..\ThirdParty\spdlog\details\log_msg_buffer-inl.h">
      <Filter>Utilities</Filter>
    </ClInclude>
    <ClInclude Include="..\ThirdParty\spdlog\details\log_msg_buffer.h">
      <Filter>Utilities</Filter>
    </ClInclude>
    <ClInclude Include="..\ThirdParty\spdlog\details\mpmc_blocking_q.h">
      <Filter>Utilities</Filter>
    </ClInclude>
    <ClInclude Include="..\ThirdParty\spdlog\details\null_mutex.h">
      <Filter>Utilities</Filter>
    </ClInclude>
    <ClInclude Include="..\ThirdParty\spdlog\details\os-inl.h">
      <Filter>Utilities</Filter>
    </ClInclude>
    <ClInclude Include="..\ThirdParty\spdlog\details\os.h">
      <Filter>Utilities</Filter>
    </ClInclude>
    <ClInclude Include="..\ThirdParty\spdlog\details\periodic_worker-inl.h">
      <Filter>Utilities</Filter>
    </ClInclude>
    <ClInclude Include="..\ThirdParty\spdlog\details\periodic_worker.h">
      <Filter>Utilities</Filter>
    </ClInclude>
    <ClInclude Include="..\ThirdParty\spdlog\details\registry-inl.h">
      <Filter>Utilities</Filter>
    </ClInclude>
    <ClInclude Include="..\ThirdParty\spdlog\details\registry.h">
      <Filter>Utilities</Filter>
    </ClInclude>
    <ClInclude Include="..\ThirdParty\spdlog\details\synchronous_factory.h">
      <Filter>Utilities</Filter>
    </ClInclude>
    <ClInclude Include="..\ThirdParty\spdlog\details\tcp_client-windows.h">
      <Filter>Utilities</Filter>
    </ClInclude>
    <ClInclude Include="..\ThirdParty\spdlog\details\tcp_client.h">
      <Filter>Utilities</Filter>
    </ClInclude>
    <ClInclude Include="..\ThirdParty\spdlog\details\thread_pool-inl.h">
      <Filter>Utilities</Filter>
    </ClInclude>
    <ClInclude Include="..\ThirdParty\spdlog\details\thread_pool.h">
      <Filter>Utilities</Filter>
    </ClInclude>
    <ClInclude Include="..\ThirdParty\spdlog\details\udp_client-windows.h">
      <Filter>Utilities</Filter>
    </ClInclude>
    <ClInclude Include="..\ThirdParty\spdlog\details\udp_client.h">
      <Filter>Utilities</Filter>
    </ClInclude>
    <ClInclude Include="..\ThirdParty\spdlog\details\windows_include.h">
      <Filter>Utilities</Filter>
    </ClInclude>
    <ClInclude Include="..\ThirdParty\spdlog\fmt\bin_to_hex.h">
      <Filter>Utilities</Filter>
    </ClInclude>
    <ClInclude Include="..\ThirdParty\spdlog\fmt\bundled\args.h">
      <Filter>Utilities</Filter>
    </ClInclude>
    <ClInclude Include="..\ThirdParty\spdlog\fmt\bundled\chrono.h">
      <Filter>Utilities</Filter>
    </ClInclude>
    <ClInclude Include="..\ThirdParty\spdlog\fmt\bundled\color.h">
      <Filter>Utilities</Filter>
    </ClInclude>
    <ClInclude Include="..\ThirdParty\spdlog\fmt\bundled\compile.h">
      <Filter>Utilities</Filter>
    </ClInclude>
    <ClInclude Include="..\ThirdParty\spdlog\fmt\bundled\core.h">
      <Filter>Utilities</Filter>
    </ClInclude>
    <ClInclude Include="..\ThirdParty\spdlog\fmt\bundled\format-inl.h">
      <Filter>Utilities</Filter>
    </ClInclude>
    <ClInclude Include="..\ThirdParty\spdlog\fmt\bundled\format.h">
      <Filter>Utilities</Filter>
    </ClInclude>
    <ClInclude Include="..\ThirdParty\spdlog\fmt\bundled\locale.h">
      <Filter>Utilities</Filter>
    </ClInclude>
    <ClInclude Include="..\ThirdParty\spdlog\fmt\bundled\os.h">
      <Filter>Utilities</Filter>
    </ClInclude>
    <ClInclude Include="..\ThirdParty\spdlog\fmt\bundled\ostream.h">
      <Filter>Utilities</Filter>
    </ClInclude>
    <ClInclude Include="..\ThirdParty\spdlog\fmt\bundled\printf.h">
      <Filter>Utilities</Filter>
    </ClInclude>
    <ClInclude Include="..\ThirdParty\spdlog\fmt\bundled\ranges.h">
      <Filter>Utilities</Filter>
    </ClInclude>
    <ClInclude Include="..\ThirdParty\spdlog\fmt\bundled\std.h">
      <Filter>Utilities</Filter>
    </ClInclude>
    <ClInclude Include="..\ThirdParty\spdlog\fmt\bundled\xchar.h">
      <Filter>Utilities</Filter>
    </ClInclude>
    <ClInclude Include="..\ThirdParty\spdlog\fmt\chrono.h">
      <Filter>Utilities</Filter>
    </ClInclude>
    <ClInclude Include="..\ThirdParty\spdlog\fmt\compile.h">
      <Filter>Utilities</Filter>
    </ClInclude>
    <ClInclude Include="..\ThirdParty\spdlog\fmt\fmt.h">
      <Filter>Utilities</Filter>
    </ClInclude>
    <ClInclude Include="..\ThirdParty\spdlog\fmt\ostr.h">
      <Filter>Utilities</Filter>
    </ClInclude>
    <ClInclude Include="..\ThirdParty\spdlog\fmt\ranges.h">
      <Filter>Utilities</Filter>
    </ClInclude>
    <ClInclude Include="..\ThirdParty\spdlog\fmt\std.h">
      <Filter>Utilities</Filter>
    </ClInclude>
    <ClInclude Include="..\ThirdParty\spdlog\fmt\xchar.h">
      <Filter>Utilities</Filter>
    </ClInclude>
    <ClInclude Include="..\ThirdParty\spdlog\formatter.h">
      <Filter>Utilities</Filter>
    </ClInclude>
    <ClInclude Include="..\ThirdParty\spdlog\fwd.h">
      <Filter>Utilities</Filter>
    </ClInclude>
    <ClInclude Include="..\ThirdParty\spdlog\logger-inl.h">
      <Filter>Utilities</Filter>
    </ClInclude>
    <ClInclude Include="..\ThirdParty\spdlog\logger.h">
      <Filter>Utilities</Filter>
    </ClInclude>
    <ClInclude Include="..\ThirdParty\spdlog\mdc.h">
      <Filter>Utilities</Filter>
    </ClInclude>
    <ClInclude Include="..\ThirdParty\spdlog\pattern_formatter-inl.h">
      <Filter>Utilities</Filter>
    </ClInclude>
    <ClInclude Include="..\ThirdParty\spdlog\pattern_formatter.h">
      <Filter>Utilities</Filter>
    </ClInclude>
    <ClInclude Include="..\ThirdParty\spdlog\sinks\android_sink.h">
      <Filter>Utilities</Filter>
    </ClInclude>
    <ClInclude Include="..\ThirdParty\spdlog\sinks\ansicolor_sink-inl.h">
      <Filter>Utilities</Filter>
    </ClInclude>
    <ClInclude Include="..\ThirdParty\spdlog\sinks\ansicolor_sink.h">
      <Filter>Utilities</Filter>
    </ClInclude>
    <ClInclude Include="..\ThirdParty\spdlog\sinks\base_sink-inl.h">
      <Filter>Utilities</Filter>
    </ClInclude>
    <ClInclude Include="..\ThirdParty\spdlog\sinks\base_sink.h">
      <Filter>Utilities</Filter>
    </ClInclude>
    <ClInclude Include="..\ThirdParty\spdlog\sinks\basic_file_sink-inl.h">
      <Filter>Utilities</Filter>
    </ClInclude>
    <ClInclude Include="..\ThirdParty\spdlog\sinks\basic_file_sink.h">
      <Filter>Utilities</Filter>
    </ClInclude>
    <ClInclude Include="..\ThirdParty\spdlog\sinks\callback_sink.h">
      <Filter>Utilities</Filter>
    </ClInclude>
    <ClInclude Include="..\ThirdParty\spdlog\sinks\daily_file_sink.h">
      <Filter>Utilities</Filter>
    </ClInclude>
    <ClInclude Include="..\ThirdParty\spdlog\sinks\dist_sink.h">
      <Filter>Utilities</Filter>
    </ClInclude>
    <ClInclude Include="..\ThirdParty\spdlog\sinks\dup_filter_sink.h">
      <Filter>Utilities</Filter>
    </ClInclude>
    <ClInclude Include="..\ThirdParty\spdlog\sinks\hourly_file_sink.h">
      <Filter>Utilities</Filter>
    </ClInclude>
    <ClInclude Include="..\ThirdParty\spdlog\sinks\kafka_sink.h">
      <Filter>Utilities</Filter>
    </ClInclude>
    <ClInclude Include="..\ThirdParty\spdlog\sinks\mongo_sink.h">
      <Filter>Utilities</Filter>
    </ClInclude>
    <ClInclude Include="..\ThirdParty\spdlog\sinks\msvc_sink.h">
      <Filter>Utilities</Filter>
    </ClInclude>
    <ClInclude Include="..\ThirdParty\spdlog\sinks\null_sink.h">
      <Filter>Utilities</Filter>
    </ClInclude>
    <ClInclude Include="..\ThirdParty\spdlog\sinks\ostream_sink.h">
      <Filter>Utilities</Filter>
    </ClInclude>
    <ClInclude Include="..\ThirdParty\spdlog\sinks\qt_sinks.h">
      <Filter>Utilities</Filter>
    </ClInclude>
    <ClInclude Include="..\ThirdParty\spdlog\sinks\ringbuffer_sink.h">
      <Filter>Utilities</Filter>
    </ClInclude>
    <ClInclude Include="..\ThirdParty\spdlog\sinks\rotating_file_sink-inl.h">
      <Filter>Utilities</Filter>
    </ClInclude>
    <ClInclude Include="..\ThirdParty\spdlog\sinks\rotating_file_sink.h">
      <Filter>Utilities</Filter>
    </ClInclude>
    <ClInclude Include="..\ThirdParty\spdlog\sinks\sink-inl.h">
      <Filter>Utilities</Filter>
    </ClInclude>
    <ClInclude Include="..\ThirdParty\spdlog\sinks\sink.h">
      <Filter>Utilities</Filter>
    </ClInclude>
    <ClInclude Include="..\ThirdParty\spdlog\sinks\stdout_color_sinks-inl.h">
      <Filter>Utilities</Filter>
    </ClInclude>
    <ClInclude Include="..\ThirdParty\spdlog\sinks\stdout_color_sinks.h">
      <Filter>Utilities</Filter>
    </ClInclude>
    <ClInclude Include="..\ThirdParty\spdlog\sinks\stdout_sinks-inl.h">
      <Filter>Utilities</Filter>
    </ClInclude>
    <ClInclude Include="..\ThirdParty\spdlog\sinks\stdout_sinks.h">
      <Filter>Utilities</Filter>
    </ClInclude>
    <ClInclude Include="..\ThirdParty\spdlog\sinks\syslog_sink.h">
      <Filter>Utilities</Filter>
    </ClInclude>
    <ClInclude Include="..\ThirdParty\spdlog\sinks\systemd_sink.h">
      <Filter>Utilities</Filter>
    </ClInclude>
    <ClInclude Include="..\ThirdParty\spdlog\sinks\tcp_sink.h">
      <Filter>Utilities</Filter>
    </ClInclude>
    <ClInclude Include="..\ThirdParty\spdlog\sinks\udp_sink.h">
      <Filter>Utilities</Filter>
    </ClInclude>
    <ClInclude Include="..\ThirdParty\spdlog\sinks\wincolor_sink-inl.h">
      <Filter>Utilities</Filter>
    </ClInclude>
    <ClInclude Include="..\ThirdParty\spdlog\sinks\wincolor_sink.h">
      <Filter>Utilities</Filter>
    </ClInclude>
    <ClInclude Include="..\ThirdParty\spdlog\sinks\win_eventlog_sink.h">
      <Filter>Utilities</Filter>
    </ClInclude>
    <ClInclude Include="..\ThirdParty\spdlog\spdlog-inl.h">
      <Filter>Utilities</Filter>
    </ClInclude>
    <ClInclude Include="..\ThirdParty\spdlog\spdlog.h">
      <Filter>Utilities</Filter>
    </ClInclude>
    <ClInclude Include="..\ThirdParty\spdlog\stopwatch.h">
      <Filter>Utilities</Filter>
    </ClInclude>
    <ClInclude Include="..\ThirdParty\spdlog\tweakme.h">
      <Filter>Utilities</Filter>
    </ClInclude>
    <ClInclude Include="..\ThirdParty\spdlog\version.h">
      <Filter>Utilities</Filter>
    </ClInclude>
    <ClInclude Include="Core\Log.h">
      <Filter>Utilities</Filter>
    </ClInclude>
  </ItemGroup>
  <ItemGroup>
    <None Include=".clang-format" />
    <None Include="Resources\Shaders\Common.hlsli">
      <Filter>Resources\Shaders</Filter>
    </None>
    <None Include="..\ThirdParty\SimpleMath\SimpleMath.inl">
      <Filter>Utilities</Filter>
    </None>
    <None Include="Resources\Shaders\ConstantData.hlsli">
      <Filter>Resources\Shaders</Filter>
    </None>
    <None Include="Resources\Shaders\LightUtil.hlsli">
      <Filter>Resources\Shaders</Filter>
    </None>
    <None Include="Resources\Shaders\ShadowUtil.hlsli" />
  </ItemGroup>
  <ItemGroup>
    <FxCompile Include="Resources\Shaders\Solid.hlsl">
      <Filter>Resources\Shaders</Filter>
    </FxCompile>
  </ItemGroup>
</Project>